<?xml version="1.0" encoding="utf-8"?>
<Project ToolsVersion="4.0" xmlns="http://schemas.microsoft.com/developer/msbuild/2003">
  <ItemGroup>
    <Filter Include="gmake">
      <UniqueIdentifier>{e0be925d-2149-46da-9346-7cf19ad680ed}</UniqueIdentifier>
    </Filter>
    <Filter Include="shared">
      <UniqueIdentifier>{72d81d6d-157c-4bb8-9f7d-6aba469a2ec3}</UniqueIdentifier>
    </Filter>
    <Filter Include="shared\CAEP">
      <UniqueIdentifier>{fcd6236e-7b3f-40e7-b26b-a4d2f7661268}</UniqueIdentifier>
    </Filter>
    <Filter Include="shared\PWP">
      <UniqueIdentifier>{3e875996-4e7d-42bb-8ecd-88e2cb882222}</UniqueIdentifier>
    </Filter>
    <Filter Include="shared\PWGM">
      <UniqueIdentifier>{7dce6582-ada5-4dea-b30e-aebdbbbc0f75}</UniqueIdentifier>
    </Filter>
  </ItemGroup>
  <ItemGroup>
    <ClCompile Include="..\shared\CAEP\apiCAEP.cxx">
      <Filter>shared\CAEP</Filter>
    </ClCompile>
    <ClCompile Include="..\shared\CAEP\apiCAEPUtils.cxx">
      <Filter>shared\CAEP</Filter>
    </ClCompile>
    <ClCompile Include="..\shared\PWP\apiPWP.cxx">
      <Filter>shared\PWP</Filter>
    </ClCompile>
    <ClCompile Include="..\shared\PWP\apiPWPUtils.cxx">
      <Filter>shared\PWP</Filter>
    </ClCompile>
    <ClCompile Include="..\shared\PWP\PwpCwd.cxx">
      <Filter>shared\PWP</Filter>
    </ClCompile>
    <ClCompile Include="..\shared\PWP\PwpFile.cxx">
      <Filter>shared\PWP</Filter>
    </ClCompile>
    <ClCompile Include="..\shared\PWP\pwpPlatform.cxx">
      <Filter>shared\PWP</Filter>
    </ClCompile>
    <ClCompile Include="..\shared\PWGM\apiGridModel.cxx">
      <Filter>shared\PWGM</Filter>
    </ClCompile>
    <ClCompile Include="..\shared\PWGM\CaeGridModel.cxx">
      <Filter>shared\PWGM</Filter>
    </ClCompile>
    <ClCompile Include="..\shared\PWGM\CaeUnsGridModel.cxx">
      <Filter>shared\PWGM</Filter>
    </ClCompile>
    <ClCompile Include="runtimeWrite.cxx" />
    <ClCompile Include="CaeUnsGMesh.cxx" />
  </ItemGroup>
  <ItemGroup>
    <ClInclude Include="..\shared\CAEP\apiCAEP.h">
      <Filter>shared\CAEP</Filter>
    </ClInclude>
    <ClInclude Include="..\shared\CAEP\apiCAEPUtils.h">
      <Filter>shared\CAEP</Filter>
    </ClInclude>
    <ClInclude Include="..\shared\CAEP\CaePlugin.h">
      <Filter>shared\CAEP</Filter>
    </ClInclude>
    <ClInclude Include="..\shared\CAEP\CaePluginImpl.h">
      <Filter>shared\CAEP</Filter>
    </ClInclude>
    <ClInclude Include="..\shared\CAEP\runtimeWrite.h">
      <Filter>shared\CAEP</Filter>
    </ClInclude>
    <ClInclude Include="..\shared\PWP\apiPWP.h">
      <Filter>shared\PWP</Filter>
    </ClInclude>
    <ClInclude Include="..\shared\PWP\apiPWPUtils.h">
      <Filter>shared\PWP</Filter>
    </ClInclude>
    <ClInclude Include="..\shared\PWP\apiUtils.h">
      <Filter>shared\PWP</Filter>
    </ClInclude>
    <ClInclude Include="..\shared\PWP\PwpCwd.h">
      <Filter>shared\PWP</Filter>
    </ClInclude>
    <ClInclude Include="..\shared\PWP\PwpFile.h">
      <Filter>shared\PWP</Filter>
    </ClInclude>
    <ClInclude Include="..\shared\PWP\PwpAnchoredFileValue.h">
      <Filter>shared\PWP</Filter>
    </ClInclude>
    <ClInclude Include="..\shared\PWP\PwpFileWriter.h">
      <Filter>shared\PWP</Filter>
    </ClInclude>
    <ClInclude Include="..\shared\PWP\pwpPlatform.h">
      <Filter>shared\PWP</Filter>
    </ClInclude>
    <ClInclude Include="..\shared\PWGM\apiGridModel.h">
      <Filter>shared\PWGM</Filter>
    </ClInclude>
    <ClInclude Include="..\shared\PWGM\CaeGridModel.h">
      <Filter>shared\PWGM</Filter>
    </ClInclude>
    <ClInclude Include="..\shared\PWGM\CaeUnsGridModel.h">
      <Filter>shared\PWGM</Filter>
    </ClInclude>
    <ClInclude Include="..\shared\PWGM\CaeUnsBlock.h">
      <Filter>shared\PWGM</Filter>
    </ClInclude>
    <ClInclude Include="..\shared\PWGM\CaeUnsElement.h">
      <Filter>shared\PWGM</Filter>
    </ClInclude>
    <ClInclude Include="..\shared\PWGM\CaeUnsElementGroup.h">
      <Filter>shared\PWGM</Filter>
    </ClInclude>
    <ClInclude Include="..\shared\PWGM\CaeUnsPatch.h">
      <Filter>shared\PWGM</Filter>
    </ClInclude>
    <ClInclude Include="..\shared\PWGM\CaeUnsVertex.h">
      <Filter>shared\PWGM</Filter>
    </ClInclude>
    <ClInclude Include="rtCaepInitItems.h" />
    <ClInclude Include="rtCaepInstanceData.h" />
    <ClInclude Include="rtCaepSupportData.h" />
    <ClInclude Include="rtPwpInitItems.h" />
    <ClInclude Include="rtPwpPluginInfo.h" />
    <ClInclude Include="rtPwpVersions.h" />
    <ClInclude Include="CaeUnsGMesh.h" />
  </ItemGroup>
  <ItemGroup>
    <CustomBuild Include="module.mk">
      <Filter>gmake</Filter>
    </CustomBuild>
  </ItemGroup>
</Project>